
Microsoft Visual Studio Solution File, Format Version 12.00
# Visual Studio Version 17
VisualStudioVersion = 17.9.34723.18
MinimumVisualStudioVersion = 10.0.40219.1
Project("{FAE04EC0-301F-11D3-BF4B-00C04F79EFBC}") = "Server", "Server\Server.csproj", "{468161C9-31D2-4E76-ADEB-2E4DDF0F115A}"
EndProject
Project("{FAE04EC0-301F-11D3-BF4B-00C04F79EFBC}") = "Client", "Client\Client.csproj", "{885EE49A-EB98-4F73-A39E-D66418BCE5DD}"
EndProject
Global
	GlobalSection(SolutionConfigurationPlatforms) = preSolution
		Debug|Any CPU = Debug|Any CPU
		Release|Any CPU = Release|Any CPU
	EndGlobalSection
	GlobalSection(ProjectConfigurationPlatforms) = postSolution
		{468161C9-31D2-4E76-ADEB-2E4DDF0F115A}.Debug|Any CPU.ActiveCfg = Debug|Any CPU
		{468161C9-31D2-4E76-ADEB-2E4DDF0F115A}.Debug|Any CPU.Build.0 = Debug|Any CPU
		{468161C9-31D2-4E76-ADEB-2E4DDF0F115A}.Release|Any CPU.ActiveCfg = Release|Any CPU
		{468161C9-31D2-4E76-ADEB-2E4DDF0F115A}.Release|Any CPU.Build.0 = Release|Any CPU
		{885EE49A-EB98-4F73-A39E-D66418BCE5DD}.Debug|Any CPU.ActiveCfg = Debug|Any CPU
		{885EE49A-EB98-4F73-A39E-D66418BCE5DD}.Debug|Any CPU.Build.0 = Debug|Any CPU
		{885EE49A-EB98-4F73-A39E-D66418BCE5DD}.Release|Any CPU.ActiveCfg = Release|Any CPU
		{885EE49A-EB98-4F73-A39E-D66418BCE5DD}.Release|Any CPU.Build.0 = Release|Any CPU
	EndGlobalSection
	GlobalSection(SolutionProperties) = preSolution
		HideSolutionNode = FALSE
	EndGlobalSection
	GlobalSection(ExtensibilityGlobals) = postSolution
		SolutionGuid = {D020EFA6-B08E-48EF-A198-BE04367ED8CC}
	EndGlobalSection
EndGlobal
